// !$*UTF8*$!
{
	archiveVersion = 1;
	classes = {
	};
	objectVersion = 46;
	objects = {

/* Begin PBXBuildFile section */
		58262BCB1809CEDF002A1D4D /* Foundation.framework in Frameworks */ = {isa = PBXBuildFile; fileRef = 58262BCA1809CEDF002A1D4D /* Foundation.framework */; };
		58262BCD1809CEDF002A1D4D /* CoreGraphics.framework in Frameworks */ = {isa = PBXBuildFile; fileRef = 58262BCC1809CEDF002A1D4D /* CoreGraphics.framework */; };
		58262BCF1809CEDF002A1D4D /* UIKit.framework in Frameworks */ = {isa = PBXBuildFile; fileRef = 58262BCE1809CEDF002A1D4D /* UIKit.framework */; };
		58262BD51809CEDF002A1D4D /* InfoPlist.strings in Resources */ = {isa = PBXBuildFile; fileRef = 58262BD31809CEDF002A1D4D /* InfoPlist.strings */; };
		58262BD71809CEDF002A1D4D /* main.m in Sources */ = {isa = PBXBuildFile; fileRef = 58262BD61809CEDF002A1D4D /* main.m */; };
		58262BDB1809CEDF002A1D4D /* WAIAppDelegate.m in Sources */ = {isa = PBXBuildFile; fileRef = 58262BDA1809CEDF002A1D4D /* WAIAppDelegate.m */; };
		58262BDE1809CEDF002A1D4D /* Main.storyboard in Resources */ = {isa = PBXBuildFile; fileRef = 58262BDC1809CEDF002A1D4D /* Main.storyboard */; };
		58262BE11809CEDF002A1D4D /* WAIViewController.m in Sources */ = {isa = PBXBuildFile; fileRef = 58262BE01809CEDF002A1D4D /* WAIViewController.m */; };
		58262BE31809CEDF002A1D4D /* Images.xcassets in Resources */ = {isa = PBXBuildFile; fileRef = 58262BE21809CEDF002A1D4D /* Images.xcassets */; };
		58262BEA1809CEDF002A1D4D /* XCTest.framework in Frameworks */ = {isa = PBXBuildFile; fileRef = 58262BE91809CEDF002A1D4D /* XCTest.framework */; };
		58262BEB1809CEDF002A1D4D /* Foundation.framework in Frameworks */ = {isa = PBXBuildFile; fileRef = 58262BCA1809CEDF002A1D4D /* Foundation.framework */; };
		58262BEC1809CEDF002A1D4D /* UIKit.framework in Frameworks */ = {isa = PBXBuildFile; fileRef = 58262BCE1809CEDF002A1D4D /* UIKit.framework */; };
		58262C001809D0EF002A1D4D /* CoreLocation.framework in Frameworks */ = {isa = PBXBuildFile; fileRef = 58262BFF1809D0EF002A1D4D /* CoreLocation.framework */; };
		58262C041809FC04002A1D4D /* MapKit.framework in Frameworks */ = {isa = PBXBuildFile; fileRef = 58262C031809FC04002A1D4D /* MapKit.framework */; };
		58262C07180A1072002A1D4D /* BNRMapPoint.m in Sources */ = {isa = PBXBuildFile; fileRef = 58262C06180A1072002A1D4D /* BNRMapPoint.m */; };
/* End PBXBuildFile section */

/* Begin PBXContainerItemProxy section */
		58262BED1809CEDF002A1D4D /* PBXContainerItemProxy */ = {
			isa = PBXContainerItemProxy;
			containerPortal = 58262BBF1809CEDF002A1D4D /* Project object */;
			proxyType = 1;
			remoteGlobalIDString = 58262BC61809CEDF002A1D4D;
			remoteInfo = Whereami;
		};
/* End PBXContainerItemProxy section */

/* Begin PBXFileReference section */
		58262BC71809CEDF002A1D4D /* Whereami.app */ = {isa = PBXFileReference; explicitFileType = wrapper.application; includeInIndex = 0; path = Whereami.app; sourceTree = BUILT_PRODUCTS_DIR; };
		58262BCA1809CEDF002A1D4D /* Foundation.framework */ = {isa = PBXFileReference; lastKnownFileType = wrapper.framework; name = Foundation.framework; path = System/Library/Frameworks/Foundation.framework; sourceTree = SDKROOT; };
		58262BCC1809CEDF002A1D4D /* CoreGraphics.framework */ = {isa = PBXFileReference; lastKnownFileType = wrapper.framework; name = CoreGraphics.framework; path = System/Library/Frameworks/CoreGraphics.framework; sourceTree = SDKROOT; };
		58262BCE1809CEDF002A1D4D /* UIKit.framework */ = {isa = PBXFileReference; lastKnownFileType = wrapper.framework; name = UIKit.framework; path = System/Library/Frameworks/UIKit.framework; sourceTree = SDKROOT; };
		58262BD21809CEDF002A1D4D /* Whereami-Info.plist */ = {isa = PBXFileReference; lastKnownFileType = text.plist.xml; path = "Whereami-Info.plist"; sourceTree = "<group>"; };
		58262BD41809CEDF002A1D4D /* en */ = {isa = PBXFileReference; lastKnownFileType = text.plist.strings; name = en; path = en.lproj/InfoPlist.strings; sourceTree = "<group>"; };
		58262BD61809CEDF002A1D4D /* main.m */ = {isa = PBXFileReference; lastKnownFileType = sourcecode.c.objc; path = main.m; sourceTree = "<group>"; };
		58262BD81809CEDF002A1D4D /* Whereami-Prefix.pch */ = {isa = PBXFileReference; lastKnownFileType = sourcecode.c.h; path = "Whereami-Prefix.pch"; sourceTree = "<group>"; };
		58262BD91809CEDF002A1D4D /* WAIAppDelegate.h */ = {isa = PBXFileReference; lastKnownFileType = sourcecode.c.h; path = WAIAppDelegate.h; sourceTree = "<group>"; };
		58262BDA1809CEDF002A1D4D /* WAIAppDelegate.m */ = {isa = PBXFileReference; lastKnownFileType = sourcecode.c.objc; path = WAIAppDelegate.m; sourceTree = "<group>"; };
		58262BDD1809CEDF002A1D4D /* Base */ = {isa = PBXFileReference; lastKnownFileType = file.storyboard; name = Base; path = Base.lproj/Main.storyboard; sourceTree = "<group>"; };
		58262BDF1809CEDF002A1D4D /* WAIViewController.h */ = {isa = PBXFileReference; lastKnownFileType = sourcecode.c.h; path = WAIViewController.h; sourceTree = "<group>"; };
		58262BE01809CEDF002A1D4D /* WAIViewController.m */ = {isa = PBXFileReference; lastKnownFileType = sourcecode.c.objc; path = WAIViewController.m; sourceTree = "<group>"; };
		58262BE21809CEDF002A1D4D /* Images.xcassets */ = {isa = PBXFileReference; lastKnownFileType = folder.assetcatalog; path = Images.xcassets; sourceTree = "<group>"; };
		58262BE81809CEDF002A1D4D /* WhereamiTests.xctest */ = {isa = PBXFileReference; explicitFileType = wrapper.cfbundle; includeInIndex = 0; path = WhereamiTests.xctest; sourceTree = BUILT_PRODUCTS_DIR; };
		58262BE91809CEDF002A1D4D /* XCTest.framework */ = {isa = PBXFileReference; lastKnownFileType = wrapper.framework; name = XCTest.framework; path = Library/Frameworks/XCTest.framework; sourceTree = DEVELOPER_DIR; };
		58262BFF1809D0EF002A1D4D /* CoreLocation.framework */ = {isa = PBXFileReference; lastKnownFileType = wrapper.framework; name = CoreLocation.framework; path = System/Library/Frameworks/CoreLocation.framework; sourceTree = SDKROOT; };
		58262C031809FC04002A1D4D /* MapKit.framework */ = {isa = PBXFileReference; lastKnownFileType = wrapper.framework; name = MapKit.framework; path = System/Library/Frameworks/MapKit.framework; sourceTree = SDKROOT; };
		58262C05180A1072002A1D4D /* BNRMapPoint.h */ = {isa = PBXFileReference; fileEncoding = 4; lastKnownFileType = sourcecode.c.h; path = BNRMapPoint.h; sourceTree = "<group>"; };
		58262C06180A1072002A1D4D /* BNRMapPoint.m */ = {isa = PBXFileReference; fileEncoding = 4; lastKnownFileType = sourcecode.c.objc; path = BNRMapPoint.m; sourceTree = "<group>"; };
/* End PBXFileReference section */

/* Begin PBXFrameworksBuildPhase section */
		58262BC41809CEDF002A1D4D /* Frameworks */ = {
			isa = PBXFrameworksBuildPhase;
			buildActionMask = 2147483647;
			files = (
				58262C041809FC04002A1D4D /* MapKit.framework in Frameworks */,
				58262C001809D0EF002A1D4D /* CoreLocation.framework in Frameworks */,
				58262BCD1809CEDF002A1D4D /* CoreGraphics.framework in Frameworks */,
				58262BCF1809CEDF002A1D4D /* UIKit.framework in Frameworks */,
				58262BCB1809CEDF002A1D4D /* Foundation.framework in Frameworks */,
			);
			runOnlyForDeploymentPostprocessing = 0;
		};
		58262BE51809CEDF002A1D4D /* Frameworks */ = {
			isa = PBXFrameworksBuildPhase;
			buildActionMask = 2147483647;
			files = (
				58262BEA1809CEDF002A1D4D /* XCTest.framework in Frameworks */,
				58262BEC1809CEDF002A1D4D /* UIKit.framework in Frameworks */,
				58262BEB1809CEDF002A1D4D /* Foundation.framework in Frameworks */,
			);
			runOnlyForDeploymentPostprocessing = 0;
		};
/* End PBXFrameworksBuildPhase section */

/* Begin PBXGroup section */
		58262BBE1809CEDF002A1D4D = {
			isa = PBXGroup;
			children = (
				58262BD01809CEDF002A1D4D /* Whereami */,
				58262BC91809CEDF002A1D4D /* Frameworks */,
				58262BC81809CEDF002A1D4D /* Products */,
			);
			sourceTree = "<group>";
		};
		58262BC81809CEDF002A1D4D /* Products */ = {
			isa = PBXGroup;
			children = (
				58262BC71809CEDF002A1D4D /* Whereami.app */,
				58262BE81809CEDF002A1D4D /* WhereamiTests.xctest */,
			);
			name = Products;
			sourceTree = "<group>";
		};
		58262BC91809CEDF002A1D4D /* Frameworks */ = {
			isa = PBXGroup;
			children = (
				58262C031809FC04002A1D4D /* MapKit.framework */,
				58262BFF1809D0EF002A1D4D /* CoreLocation.framework */,
				58262BCA1809CEDF002A1D4D /* Foundation.framework */,
				58262BCC1809CEDF002A1D4D /* CoreGraphics.framework */,
				58262BCE1809CEDF002A1D4D /* UIKit.framework */,
				58262BE91809CEDF002A1D4D /* XCTest.framework */,
			);
			name = Frameworks;
			sourceTree = "<group>";
		};
		58262BD01809CEDF002A1D4D /* Whereami */ = {
			isa = PBXGroup;
			children = (
				58262BD91809CEDF002A1D4D /* WAIAppDelegate.h */,
				58262BDA1809CEDF002A1D4D /* WAIAppDelegate.m */,
				58262BDC1809CEDF002A1D4D /* Main.storyboard */,
				58262BDF1809CEDF002A1D4D /* WAIViewController.h */,
				58262BE01809CEDF002A1D4D /* WAIViewController.m */,
				58262C05180A1072002A1D4D /* BNRMapPoint.h */,
				58262C06180A1072002A1D4D /* BNRMapPoint.m */,
				58262BE21809CEDF002A1D4D /* Images.xcassets */,
				58262BD11809CEDF002A1D4D /* Supporting Files */,
			);
			path = Whereami;
			sourceTree = "<group>";
		};
		58262BD11809CEDF002A1D4D /* Supporting Files */ = {
			isa = PBXGroup;
			children = (
				58262BD21809CEDF002A1D4D /* Whereami-Info.plist */,
				58262BD31809CEDF002A1D4D /* InfoPlist.strings */,
				58262BD61809CEDF002A1D4D /* main.m */,
				58262BD81809CEDF002A1D4D /* Whereami-Prefix.pch */,
			);
			name = "Supporting Files";
			sourceTree = "<group>";
		};
/* End PBXGroup section */

/* Begin PBXNativeTarget section */
		58262BC61809CEDF002A1D4D /* Whereami */ = {
			isa = PBXNativeTarget;
			buildConfigurationList = 58262BF91809CEDF002A1D4D /* Build configuration list for PBXNativeTarget "Whereami" */;
			buildPhases = (
				58262BC31809CEDF002A1D4D /* Sources */,
				58262BC41809CEDF002A1D4D /* Frameworks */,
				58262BC51809CEDF002A1D4D /* Resources */,
			);
			buildRules = (
			);
			dependencies = (
			);
			name = Whereami;
			productName = Whereami;
			productReference = 58262BC71809CEDF002A1D4D /* Whereami.app */;
			productType = "com.apple.product-type.application";
		};
		58262BE71809CEDF002A1D4D /* WhereamiTests */ = {
			isa = PBXNativeTarget;
			buildConfigurationList = 58262BFC1809CEDF002A1D4D /* Build configuration list for PBXNativeTarget "WhereamiTests" */;
			buildPhases = (
				58262BE41809CEDF002A1D4D /* Sources */,
				58262BE51809CEDF002A1D4D /* Frameworks */,
				58262BE61809CEDF002A1D4D /* Resources */,
			);
			buildRules = (
			);
			dependencies = (
				58262BEE1809CEDF002A1D4D /* PBXTargetDependency */,
			);
			name = WhereamiTests;
			productName = WhereamiTests;
			productReference = 58262BE81809CEDF002A1D4D /* WhereamiTests.xctest */;
			productType = "com.apple.product-type.bundle.unit-test";
		};
/* End PBXNativeTarget section */

/* Begin PBXProject section */
		58262BBF1809CEDF002A1D4D /* Project object */ = {
			isa = PBXProject;
			attributes = {
				CLASSPREFIX = WAI;
				LastUpgradeCheck = 0500;
				ORGANIZATIONNAME = "Erica Fischer-Colbrie";
				TargetAttributes = {
					58262BC61809CEDF002A1D4D = {
						SystemCapabilities = {
							com.apple.iOS = {
								enabled = 0;
							};
						};
					};
					58262BE71809CEDF002A1D4D = {
						TestTargetID = 58262BC61809CEDF002A1D4D;
					};
				};
			};
			buildConfigurationList = 58262BC21809CEDF002A1D4D /* Build configuration list for PBXProject "Whereami" */;
			compatibilityVersion = "Xcode 3.2";
			developmentRegion = English;
			hasScannedForEncodings = 0;
			knownRegions = (
				en,
				Base,
			);
			mainGroup = 58262BBE1809CEDF002A1D4D;
			productRefGroup = 58262BC81809CEDF002A1D4D /* Products */;
			projectDirPath = "";
			projectRoot = "";
			targets = (
				58262BC61809CEDF002A1D4D /* Whereami */,
				58262BE71809CEDF002A1D4D /* WhereamiTests */,
			);
		};
/* End PBXProject section */

/* Begin PBXResourcesBuildPhase section */
		58262BC51809CEDF002A1D4D /* Resources */ = {
			isa = PBXResourcesBuildPhase;
			buildActionMask = 2147483647;
			files = (
				58262BE31809CEDF002A1D4D /* Images.xcassets in Resources */,
				58262BD51809CEDF002A1D4D /* InfoPlist.strings in Resources */,
				58262BDE1809CEDF002A1D4D /* Main.storyboard in Resources */,
			);
			runOnlyForDeploymentPostprocessing = 0;
		};
		58262BE61809CEDF002A1D4D /* Resources */ = {
			isa = PBXResourcesBuildPhase;
			buildActionMask = 2147483647;
			files = (
			);
			runOnlyForDeploymentPostprocessing = 0;
		};
/* End PBXResourcesBuildPhase section */

/* Begin PBXSourcesBuildPhase section */
		58262BC31809CEDF002A1D4D /* Sources */ = {
			isa = PBXSourcesBuildPhase;
			buildActionMask = 2147483647;
			files = (
				58262BDB1809CEDF002A1D4D /* WAIAppDelegate.m in Sources */,
				58262BD71809CEDF002A1D4D /* main.m in Sources */,
				58262C07180A1072002A1D4D /* BNRMapPoint.m in Sources */,
				58262BE11809CEDF002A1D4D /* WAIViewController.m in Sources */,
			);
			runOnlyForDeploymentPostprocessing = 0;
		};
		58262BE41809CEDF002A1D4D /* Sources */ = {
			isa = PBXSourcesBuildPhase;
			buildActionMask = 2147483647;
			files = (
			);
			runOnlyForDeploymentPostprocessing = 0;
		};
/* End PBXSourcesBuildPhase section */

/* Begin PBXTargetDependency section */
		58262BEE1809CEDF002A1D4D /* PBXTargetDependency */ = {
			isa = PBXTargetDependency;
			target = 58262BC61809CEDF002A1D4D /* Whereami */;
			targetProxy = 58262BED1809CEDF002A1D4D /* PBXContainerItemProxy */;
		};
/* End PBXTargetDependency section */

/* Begin PBXVariantGroup section */
		58262BD31809CEDF002A1D4D /* InfoPlist.strings */ = {
			isa = PBXVariantGroup;
			children = (
				58262BD41809CEDF002A1D4D /* en */,
			);
			name = InfoPlist.strings;
			sourceTree = "<group>";
		};
		58262BDC1809CEDF002A1D4D /* Main.storyboard */ = {
			isa = PBXVariantGroup;
			children = (
				58262BDD1809CEDF002A1D4D /* Base */,
			);
			name = Main.storyboard;
			sourceTree = "<group>";
		};
/* End PBXVariantGroup section */

/* Begin XCBuildConfiguration section */
		58262BF71809CEDF002A1D4D /* Debug */ = {
			isa = XCBuildConfiguration;
			buildSettings = {
				ALWAYS_SEARCH_USER_PATHS = NO;
				ARCHS = "$(ARCHS_STANDARD_INCLUDING_64_BIT)";
				CLANG_CXX_LANGUAGE_STANDARD = "gnu++0x";
				CLANG_CXX_LIBRARY = "libc++";
				CLANG_ENABLE_MODULES = YES;
				CLANG_ENABLE_OBJC_ARC = YES;
				CLANG_WARN_BOOL_CONVERSION = YES;
				CLANG_WARN_CONSTANT_CONVERSION = YES;
				CLANG_WARN_DIRECT_OBJC_ISA_USAGE = YES_ERROR;
				CLANG_WARN_EMPTY_BODY = YES;
				CLANG_WARN_ENUM_CONVERSION = YES;
				CLANG_WARN_INT_CONVERSION = YES;
				CLANG_WARN_OBJC_ROOT_CLASS = YES_ERROR;
				CLANG_WARN__DUPLICATE_METHOD_MATCH = YES;
				"CODE_SIGN_IDENTITY[sdk=iphoneos*]" = "iPhone Developer";
				COPY_PHASE_STRIP = NO;
				GCC_C_LANGUAGE_STANDARD = gnu99;
				GCC_DYNAMIC_NO_PIC = NO;
				GCC_OPTIMIZATION_LEVEL = 0;
				GCC_PREPROCESSOR_DEFINITIONS = (
					"DEBUG=1",
					"$(inherited)",
				);
				GCC_SYMBOLS_PRIVATE_EXTERN = NO;
				GCC_WARN_64_TO_32_BIT_CONVERSION = YES;
				GCC_WARN_ABOUT_RETURN_TYPE = YES_ERROR;
				GCC_WARN_UNDECLARED_SELECTOR = YES;
				GCC_WARN_UNINITIALIZED_AUTOS = YES;
				GCC_WARN_UNUSED_FUNCTION = YES;
				GCC_WARN_UNUSED_VARIABLE = YES;
				IPHONEOS_DEPLOYMENT_TARGET = 7.0;
				ONLY_ACTIVE_ARCH = YES;
				SDKROOT = iphoneos;
				VALIDATE_PRODUCT = YES;
			};
			name = Debug;
		};
		58262BF81809CEDF002A1D4D /* Release */ = {
			isa = XCBuildConfiguration;
			buildSettings = {
				ALWAYS_SEARCH_USER_PATHS = NO;
				ARCHS = "$(ARCHS_STANDARD_INCLUDING_64_BIT)";
				CLANG_CXX_LANGUAGE_STANDARD = "gnu++0x";
				CLANG_CXX_LIBRARY = "libc++";
				CLANG_ENABLE_MODULES = YES;
				CLANG_ENABLE_OBJC_ARC = YES;
				CLANG_WARN_BOOL_CONVERSION = YES;
				CLANG_WARN_CONSTANT_CONVERSION = YES;
				CLANG_WARN_DIRECT_OBJC_ISA_USAGE = YES_ERROR;
				CLANG_WARN_EMPTY_BODY = YES;
				CLANG_WARN_ENUM_CONVERSION = YES;
				CLANG_WARN_INT_CONVERSION = YES;
				CLANG_WARN_OBJC_ROOT_CLASS = YES_ERROR;
				CLANG_WARN__DUPLICATE_METHOD_MATCH = YES;
				"CODE_SIGN_IDENTITY[sdk=iphoneos*]" = "iPhone Developer";
				COPY_PHASE_STRIP = YES;
				ENABLE_NS_ASSERTIONS = NO;
				GCC_C_LANGUAGE_STANDARD = gnu99;
				GCC_WARN_64_TO_32_BIT_CONVERSION = YES;
				GCC_WARN_ABOUT_RETURN_TYPE = YES_ERROR;
				GCC_WARN_UNDECLARED_SELECTOR = YES;
				GCC_WARN_UNINITIALIZED_AUTOS = YES;
				GCC_WARN_UNUSED_FUNCTION = YES;
				GCC_WARN_UNUSED_VARIABLE = YES;
				IPHONEOS_DEPLOYMENT_TARGET = 7.0;
				SDKROOT = iphoneos;
				VALIDATE_PRODUCT = NO;
			};
			name = Release;
		};
		58262BFA1809CEDF002A1D4D /* Debug */ = {
			isa = XCBuildConfiguration;
			buildSettings = {
				ASSETCATALOG_COMPILER_APPICON_NAME = AppIcon;
				ASSETCATALOG_COMPILER_LAUNCHIMAGE_NAME = LaunchImage;
				GCC_PRECOMPILE_PREFIX_HEADER = YES;
				GCC_PREFIX_HEADER = "Whereami/Whereami-Prefix.pch";
				INFOPLIST_FILE = "Whereami/Whereami-Info.plist";
				PRODUCT_NAME = "$(TARGET_NAME)";
				STRIP_INSTALLED_PRODUCT = NO;
				WRAPPER_EXTENSION = app;
			};
			name = Debug;
		};
		58262BFB1809CEDF002A1D4D /* Release */ = {
			isa = XCBuildConfiguration;
			buildSettings = {
				ASSETCATALOG_COMPILER_APPICON_NAME = AppIcon;
				ASSETCATALOG_COMPILER_LAUNCHIMAGE_NAME = LaunchImage;
				GCC_PRECOMPILE_PREFIX_HEADER = YES;
				GCC_PREFIX_HEADER = "Whereami/Whereami-Prefix.pch";
				INFOPLIST_FILE = "Whereami/Whereami-Info.plist";
				PRODUCT_NAME = "$(TARGET_NAME)";
				STRIP_INSTALLED_PRODUCT = NO;
				WRAPPER_EXTENSION = app;
			};
			name = Release;
		};
		58262BFD1809CEDF002A1D4D /* Debug */ = {
			isa = XCBuildConfiguration;
			buildSettings = {
				ARCHS = "$(ARCHS_STANDARD_INCLUDING_64_BIT)";
				BUNDLE_LOADER = "$(BUILT_PRODUCTS_DIR)/Whereami.app/Whereami";
				FRAMEWORK_SEARCH_PATHS = (
					"$(SDKROOT)/Developer/Library/Frameworks",
					"$(inherited)",
					"$(DEVELOPER_FRAMEWORKS_DIR)",
				);
				GCC_PRECOMPILE_PREFIX_HEADER = YES;
				GCC_PREFIX_HEADER = "Whereami/Whereami-Prefix.pch";
				GCC_PREPROCESSOR_DEFINITIONS = (
					"DEBUG=1",
					"$(inherited)",
				);
				INFOPLIST_FILE = "WhereamiTests/WhereamiTests-Info.plist";
				PRODUCT_NAME = "$(TARGET_NAME)";
				TEST_HOST = "$(BUNDLE_LOADER)";
				WRAPPER_EXTENSION = xctest;
			};
			name = Debug;
		};
		58262BFE1809CEDF002A1D4D /* Release */ = {
			isa = XCBuildConfiguration;
			buildSettings = {
				ARCHS = "$(ARCHS_STANDARD_INCLUDING_64_BIT)";
				BUNDLE_LOADER = "$(BUILT_PRODUCTS_DIR)/Whereami.app/Whereami";
				FRAMEWORK_SEARCH_PATHS = (
					"$(SDKROOT)/Developer/Library/Frameworks",
					"$(inherited)",
					"$(DEVELOPER_FRAMEWORKS_DIR)",
				);
				GCC_PRECOMPILE_PREFIX_HEADER = YES;
				GCC_PREFIX_HEADER = "Whereami/Whereami-Prefix.pch";
				INFOPLIST_FILE = "WhereamiTests/WhereamiTests-Info.plist";
				PRODUCT_NAME = "$(TARGET_NAME)";
				TEST_HOST = "$(BUNDLE_LOADER)";
				WRAPPER_EXTENSION = xctest;
			};
			name = Release;
		};
/* End XCBuildConfiguration section */

/* Begin XCConfigurationList section */
		58262BC21809CEDF002A1D4D /* Build configuration list for PBXProject "Whereami" */ = {
			isa = XCConfigurationList;
			buildConfigurations = (
				58262BF71809CEDF002A1D4D /* Debug */,
				58262BF81809CEDF002A1D4D /* Release */,
			);
			defaultConfigurationIsVisible = 0;
			defaultConfigurationName = Release;
		};
		58262BF91809CEDF002A1D4D /* Build configuration list for PBXNativeTarget "Whereami" */ = {
			isa = XCConfigurationList;
			buildConfigurations = (
				58262BFA1809CEDF002A1D4D /* Debug */,
				58262BFB1809CEDF002A1D4D /* Release */,
			);
			defaultConfigurationIsVisible = 0;
		};
		58262BFC1809CEDF002A1D4D /* Build configuration list for PBXNativeTarget "WhereamiTests" */ = {
			isa = XCConfigurationList;
			buildConfigurations = (
				58262BFD1809CEDF002A1D4D /* Debug */,
				58262BFE1809CEDF002A1D4D /* Release */,
			);
			defaultConfigurationIsVisible = 0;
		};
/* End XCConfigurationList section */
	};
	rootObject = 58262BBF1809CEDF002A1D4D /* Project object */;
}
